
Microsoft Visual Studio Solution File, Format Version 12.00
# Visual Studio Version 17
VisualStudioVersion = 17.8.34330.188
MinimumVisualStudioVersion = 10.0.40219.1
Project("{FAE04EC0-301F-11D3-BF4B-00C04F79EFBC}") = "Mission_2", "Mission_2.csproj", "{5D3BE45A-ED07-479A-AF46-1C615A7C4938}"
EndProject
Global
	GlobalSection(SolutionConfigurationPlatforms) = preSolution
		Debug|Any CPU = Debug|Any CPU
		Release|Any CPU = Release|Any CPU
	EndGlobalSection
	GlobalSection(ProjectConfigurationPlatforms) = postSolution
		{5D3BE45A-ED07-479A-AF46-1C615A7C4938}.Debug|Any CPU.ActiveCfg = Debug|Any CPU
		{5D3BE45A-ED07-479A-AF46-1C615A7C4938}.Debug|Any CPU.Build.0 = Debug|Any CPU
		{5D3BE45A-ED07-479A-AF46-1C615A7C4938}.Release|Any CPU.ActiveCfg = Release|Any CPU
		{5D3BE45A-ED07-479A-AF46-1C615A7C4938}.Release|Any CPU.Build.0 = Release|Any CPU
	EndGlobalSection
	GlobalSection(SolutionProperties) = preSolution
		HideSolutionNode = FALSE
	EndGlobalSection
	GlobalSection(ExtensibilityGlobals) = postSolution
		SolutionGuid = {8417F4DB-653F-4096-8AE5-F69649BB73ED}
	EndGlobalSection
EndGlobal
